
Microsoft Visual Studio Solution File, Format Version 12.00
# Visual Studio 2012
Project("{FAE04EC0-301F-11D3-BF4B-00C04F79EFBC}") = "Rd_Imoveis", "Rd_Imoveis\Rd_Imoveis.csproj", "{0641F3F2-E59F-47DD-873A-5DBC57C0C41B}"
EndProject
Global
	GlobalSection(SolutionConfigurationPlatforms) = preSolution
		Debug|Any CPU = Debug|Any CPU
		Release|Any CPU = Release|Any CPU
	EndGlobalSection
	GlobalSection(ProjectConfigurationPlatforms) = postSolution
		{0641F3F2-E59F-47DD-873A-5DBC57C0C41B}.Debug|Any CPU.ActiveCfg = Debug|Any CPU
		{0641F3F2-E59F-47DD-873A-5DBC57C0C41B}.Debug|Any CPU.Build.0 = Debug|Any CPU
		{0641F3F2-E59F-47DD-873A-5DBC57C0C41B}.Release|Any CPU.ActiveCfg = Release|Any CPU
		{0641F3F2-E59F-47DD-873A-5DBC57C0C41B}.Release|Any CPU.Build.0 = Release|Any CPU
	EndGlobalSection
	GlobalSection(SolutionProperties) = preSolution
		HideSolutionNode = FALSE
	EndGlobalSection
EndGlobal
